
Microsoft Visual Studio Solution File, Format Version 12.00
# Visual Studio Version 17
VisualStudioVersion = 17.7.34221.43
MinimumVisualStudioVersion = 10.0.40219.1
Project("{FAE04EC0-301F-11D3-BF4B-00C04F79EFBC}") = "chat_app", "chat_app.csproj", "{47B7D86A-ED8F-49DA-A8AB-3191FDE4407B}"
EndProject
Global
	GlobalSection(SolutionConfigurationPlatforms) = preSolution
		Debug|Any CPU = Debug|Any CPU
		Release|Any CPU = Release|Any CPU
	EndGlobalSection
	GlobalSection(ProjectConfigurationPlatforms) = postSolution
		{47B7D86A-ED8F-49DA-A8AB-3191FDE4407B}.Debug|Any CPU.ActiveCfg = Debug|Any CPU
		{47B7D86A-ED8F-49DA-A8AB-3191FDE4407B}.Debug|Any CPU.Build.0 = Debug|Any CPU
		{47B7D86A-ED8F-49DA-A8AB-3191FDE4407B}.Release|Any CPU.ActiveCfg = Release|Any CPU
		{47B7D86A-ED8F-49DA-A8AB-3191FDE4407B}.Release|Any CPU.Build.0 = Release|Any CPU
	EndGlobalSection
	GlobalSection(SolutionProperties) = preSolution
		HideSolutionNode = FALSE
	EndGlobalSection
	GlobalSection(ExtensibilityGlobals) = postSolution
		SolutionGuid = {849E40AC-99E4-4CAB-8A66-F17E5B668C0D}
	EndGlobalSection
EndGlobal
